
Microsoft Visual Studio Solution File, Format Version 12.00
# Visual Studio 2012
Project("{FAE04EC0-301F-11D3-BF4B-00C04F79EFBC}") = "TPLDataflowXReactive", "TPLDataflowXReactive\TPLDataflowXReactive.csproj", "{DCB03C75-0EE9-408E-905B-ACC2EEB9EAB7}"
EndProject
Project("{FAE04EC0-301F-11D3-BF4B-00C04F79EFBC}") = "TPLDataflowXReactive.Test", "TPLDataflowXReactive.Test\TPLDataflowXReactive.Test.csproj", "{0C598C7C-3C7B-4114-9F4B-A13F388A974D}"
EndProject
Global
	GlobalSection(SolutionConfigurationPlatforms) = preSolution
		Debug|Any CPU = Debug|Any CPU
		Release|Any CPU = Release|Any CPU
	EndGlobalSection
	GlobalSection(ProjectConfigurationPlatforms) = postSolution
		{DCB03C75-0EE9-408E-905B-ACC2EEB9EAB7}.Debug|Any CPU.ActiveCfg = Debug|Any CPU
		{DCB03C75-0EE9-408E-905B-ACC2EEB9EAB7}.Debug|Any CPU.Build.0 = Debug|Any CPU
		{DCB03C75-0EE9-408E-905B-ACC2EEB9EAB7}.Release|Any CPU.ActiveCfg = Release|Any CPU
		{DCB03C75-0EE9-408E-905B-ACC2EEB9EAB7}.Release|Any CPU.Build.0 = Release|Any CPU
		{0C598C7C-3C7B-4114-9F4B-A13F388A974D}.Debug|Any CPU.ActiveCfg = Debug|Any CPU
		{0C598C7C-3C7B-4114-9F4B-A13F388A974D}.Debug|Any CPU.Build.0 = Debug|Any CPU
		{0C598C7C-3C7B-4114-9F4B-A13F388A974D}.Release|Any CPU.ActiveCfg = Release|Any CPU
		{0C598C7C-3C7B-4114-9F4B-A13F388A974D}.Release|Any CPU.Build.0 = Release|Any CPU
	EndGlobalSection
	GlobalSection(SolutionProperties) = preSolution
		HideSolutionNode = FALSE
	EndGlobalSection
EndGlobal
